
Microsoft Visual Studio Solution File, Format Version 12.00
# Visual Studio Version 16
VisualStudioVersion = 16.0.31402.337
MinimumVisualStudioVersion = 10.0.40219.1
Project("{8BC9CEB8-8B4A-11D0-8D11-00A0C91BC942}") = "Szlownik", "Szlownik.vcxproj", "{D16DB7E6-BF78-4BAF-B94D-821709CF6E62}"
EndProject
Global
	GlobalSection(SolutionConfigurationPlatforms) = preSolution
		Debug|x64 = Debug|x64
		Debug|x86 = Debug|x86
		Release|x64 = Release|x64
		Release|x86 = Release|x86
	EndGlobalSection
	GlobalSection(ProjectConfigurationPlatforms) = postSolution
		{D16DB7E6-BF78-4BAF-B94D-821709CF6E62}.Debug|x64.ActiveCfg = Debug|x64
		{D16DB7E6-BF78-4BAF-B94D-821709CF6E62}.Debug|x64.Build.0 = Debug|x64
		{D16DB7E6-BF78-4BAF-B94D-821709CF6E62}.Debug|x86.ActiveCfg = Debug|Win32
		{D16DB7E6-BF78-4BAF-B94D-821709CF6E62}.Debug|x86.Build.0 = Debug|Win32
		{D16DB7E6-BF78-4BAF-B94D-821709CF6E62}.Release|x64.ActiveCfg = Release|x64
		{D16DB7E6-BF78-4BAF-B94D-821709CF6E62}.Release|x64.Build.0 = Release|x64
		{D16DB7E6-BF78-4BAF-B94D-821709CF6E62}.Release|x86.ActiveCfg = Release|Win32
		{D16DB7E6-BF78-4BAF-B94D-821709CF6E62}.Release|x86.Build.0 = Release|Win32
	EndGlobalSection
	GlobalSection(SolutionProperties) = preSolution
		HideSolutionNode = FALSE
	EndGlobalSection
	GlobalSection(ExtensibilityGlobals) = postSolution
		SolutionGuid = {D8AEA2DC-1A22-490C-B1B1-1499B099BDB7}
	EndGlobalSection
EndGlobal
